// !$*UTF8*$!
{
	archiveVersion = 1;
	classes = {
	};
	objectVersion = 77;
	objects = {

/* Begin PBXBuildFile section */
		ABCD00000000000000000001 /* HistodexCore in Frameworks */ = {isa = PBXBuildFile; productRef = ABCD00000000000000000002 /* HistodexCore */; };
/* End PBXBuildFile section */

/* Begin PBXContainerItemProxy section */
		6E3C69E7304D6198002F659D /* PBXContainerItemProxy */ = {
			isa = PBXContainerItemProxy;
			containerPortal = 6E3C69CE304D6196002F659D /* Project object */;
			proxyType = 1;
			remoteGlobalIDString = 6E3C69D5304D6196002F659D;
			remoteInfo = Histodex;
		};
		6E3C69F1304D6198002F659D /* PBXContainerItemProxy */ = {
			isa = PBXContainerItemProxy;
			containerPortal = 6E3C69CE304D6196002F659D /* Project object */;
			proxyType = 1;
			remoteGlobalIDString = 6E3C69D5304D6196002F659D;
			remoteInfo = Histodex;
		};
/* End PBXContainerItemProxy section */

/* Begin PBXFileReference section */
		6E3C69D6304D6196002F659D /* Histodex.app */ = {isa = PBXFileReference; explicitFileType = wrapper.application; includeInIndex = 0; path = Histodex.app; sourceTree = BUILT_PRODUCTS_DIR; };
		6E3C69E6304D6198002F659D /* HistodexTests.xctest */ = {isa = PBXFileReference; explicitFileType = wrapper.cfbundle; includeInIndex = 0; path = HistodexTests.xctest; sourceTree = BUILT_PRODUCTS_DIR; };
		6E3C69F0304D6198002F659D /* HistodexUITests.xctest */ = {isa = PBXFileReference; explicitFileType = wrapper.cfbundle; includeInIndex = 0; path = HistodexUITests.xctest; sourceTree = BUILT_PRODUCTS_DIR; };
/* End PBXFileReference section */

/* Begin PBXFileSystemSynchronizedRootGroup section */
		6E3C69D8304D6196002F659D /* Histodex */ = {
			isa = PBXFileSystemSynchronizedRootGroup;
			path = Histodex;
			sourceTree = "<group>";
		};
		6E3C69E9304D6198002F659D /* HistodexTests */ = {
			isa = PBXFileSystemSynchronizedRootGroup;
			path = HistodexTests;
			sourceTree = "<group>";
		};
		6E3C69F3304D6198002F659D /* HistodexUITests */ = {
			isa = PBXFileSystemSynchronizedRootGroup;
			path = HistodexUITests;
			sourceTree = "<group>";
		};
/* End PBXFileSystemSynchronizedRootGroup section */

/* Begin PBXFrameworksBuildPhase section */
		6E3C69D3304D6196002F659D /* Frameworks */ = {
			isa = PBXFrameworksBuildPhase;
			buildActionMask = 2147483647;
			files = (
				ABCD00000000000000000001 /* HistodexCore in Frameworks */,
			);
			runOnlyForDeploymentPostprocessing = 0;
		};
		6E3C69E3304D6198002F659D /* Frameworks */ = {
			isa = PBXFrameworksBuildPhase;
			buildActionMask = 2147483647;
			files = (
			);
			runOnlyForDeploymentPostprocessing = 0;
		};
		6E3C69ED304D6198002F659D /* Frameworks */ = {
			isa = PBXFrameworksBuildPhase;
			buildActionMask = 2147483647;
			files = (
			);
			runOnlyForDeploymentPostprocessing = 0;
		};
/* End PBXFrameworksBuildPhase section */

/* Begin PBXGroup section */
		6E3C69CD304D6196002F659D = {
			isa = PBXGroup;
			children = (
				6E3C69D8304D6196002F659D /* Histodex */,
				6E3C69E9304D6198002F659D /* HistodexTests */,
				6E3C69F3304D6198002F659D /* HistodexUITests */,
				6E3C69D7304D6196002F659D /* Products */,
			);
			sourceTree = "<group>";
		};
		6E3C69D7304D6196002F659D /* Products */ = {
			isa = PBXGroup;
			children = (
				6E3C69D6304D6196002F659D /* Histodex.app */,
				6E3C69E6304D6198002F659D /* HistodexTests.xctest */,
				6E3C69F0304D6198002F659D /* HistodexUITests.xctest */,
			);
			name = Products;
			sourceTree = "<group>";
		};
/* End PBXGroup section */

/* Begin PBXNativeTarget section */
		6E3C69D5304D6196002F659D /* Histodex */ = {
			isa = PBXNativeTarget;
			buildConfigurationList = 6E3C69FA304D6198002F659D /* Build configuration list for PBXNativeTarget "Histodex" */;
			buildPhases = (
				6E3C69D2304D6196002F659D /* Sources */,
				6E3C69D3304D6196002F659D /* Frameworks */,
				6E3C69D4304D6196002F659D /* Resources */,
			);
			buildRules = (
			);
			dependencies = (
			);
			fileSystemSynchronizedGroups = (
				6E3C69D8304D6196002F659D /* Histodex */,
			);
			name = Histodex;
			packageProductDependencies = (
				ABCD00000000000000000002 /* HistodexCore */,
			);
			productName = Histodex;
			productReference = 6E3C69D6304D6196002F659D /* Histodex.app */;
			productType = "com.apple.product-type.application";
		};
		6E3C69E5304D6198002F659D /* HistodexTests */ = {
			isa = PBXNativeTarget;
			buildConfigurationList = 6E3C69FD304D6198002F659D /* Build configuration list for PBXNativeTarget "HistodexTests" */;
			buildPhases = (
				6E3C69E2304D6198002F659D /* Sources */,
				6E3C69E3304D6198002F659D /* Frameworks */,
				6E3C69E4304D6198002F659D /* Resources */,
			);
			buildRules = (
			);
			dependencies = (
				6E3C69E8304D6198002F659D /* PBXTargetDependency */,
			);
			fileSystemSynchronizedGroups = (
				6E3C69E9304D6198002F659D /* HistodexTests */,
			);
			name = HistodexTests;
			packageProductDependencies = (
			);
			productName = HistodexTests;
			productReference = 6E3C69E6304D6198002F659D /* HistodexTests.xctest */;
			productType = "com.apple.product-type.bundle.unit-test";
		};
		6E3C69EF304D6198002F659D /* HistodexUITests */ = {
			isa = PBXNativeTarget;
			buildConfigurationList = 6E3C6A00304D6198002F659D /* Build configuration list for PBXNativeTarget "HistodexUITests" */;
			buildPhases = (
				6E3C69EC304D6198002F659D /* Sources */,
				6E3C69ED304D6198002F659D /* Frameworks */,
				6E3C69EE304D6198002F659D /* Resources */,
			);
			buildRules = (
			);
			dependencies = (
				6E3C69F2304D6198002F659D /* PBXTargetDependency */,
			);
			fileSystemSynchronizedGroups = (
				6E3C69F3304D6198002F659D /* HistodexUITests */,
			);
			name = HistodexUITests;
			packageProductDependencies = (
			);
			productName = HistodexUITests;
			productReference = 6E3C69F0304D6198002F659D /* HistodexUITests.xctest */;
			productType = "com.apple.product-type.bundle.ui-testing";
		};
/* End PBXNativeTarget section */

/* Begin PBXProject section */
		6E3C69CE304D6196002F659D /* Project object */ = {
			isa = PBXProject;
			attributes = {
				BuildIndependentTargetsInParallel = 1;
				LastSwiftUpdateCheck = 2660;
				LastUpgradeCheck = 2660;
				TargetAttributes = {
					6E3C69D5304D6196002F659D = {
						CreatedOnToolsVersion = 26.6;
					};
					6E3C69E5304D6198002F659D = {
						CreatedOnToolsVersion = 26.6;
						TestTargetID = 6E3C69D5304D6196002F659D;
					};
					6E3C69EF304D6198002F659D = {
						CreatedOnToolsVersion = 26.6;
						TestTargetID = 6E3C69D5304D6196002F659D;
					};
				};
			};
			buildConfigurationList = 6E3C69D1304D6196002F659D /* Build configuration list for PBXProject "Histodex" */;
			developmentRegion = en;
			hasScannedForEncodings = 0;
			knownRegions = (
				en,
				Base,
			);
			mainGroup = 6E3C69CD304D6196002F659D;
			minimizedProjectReferenceProxies = 1;
			packageReferences = (
				ABCD00000000000000000003 /* XCLocalSwiftPackageReference "Packages/HistodexCore" */,
			);
			preferredProjectObjectVersion = 77;
			productRefGroup = 6E3C69D7304D6196002F659D /* Products */;
			projectDirPath = "";
			projectRoot = "";
			targets = (
				6E3C69D5304D6196002F659D /* Histodex */,
				6E3C69E5304D6198002F659D /* HistodexTests */,
				6E3C69EF304D6198002F659D /* HistodexUITests */,
			);
		};
/* End PBXProject section */

/* Begin PBXResourcesBuildPhase section */
		6E3C69D4304D6196002F659D /* Resources */ = {
			isa = PBXResourcesBuildPhase;
			buildActionMask = 2147483647;
			files = (
			);
			runOnlyForDeploymentPostprocessing = 0;
		};
		6E3C69E4304D6198002F659D /* Resources */ = {
			isa = PBXResourcesBuildPhase;
			buildActionMask = 2147483647;
			files = (
			);
			runOnlyForDeploymentPostprocessing = 0;
		};
		6E3C69EE304D6198002F659D /* Resources */ = {
			isa = PBXResourcesBuildPhase;
			buildActionMask = 2147483647;
			files = (
			);
			runOnlyForDeploymentPostprocessing = 0;
		};
/* End PBXResourcesBuildPhase section */

/* Begin PBXSourcesBuildPhase section */
		6E3C69D2304D6196002F659D /* Sources */ = {
			isa = PBXSourcesBuildPhase;
			buildActionMask = 2147483647;
			files = (
			);
			runOnlyForDeploymentPostprocessing = 0;
		};
		6E3C69E2304D6198002F659D /* Sources */ = {
			isa = PBXSourcesBuildPhase;
			buildActionMask = 2147483647;
			files = (
			);
			runOnlyForDeploymentPostprocessing = 0;
		};
		6E3C69EC304D6198002F659D /* Sources */ = {
			isa = PBXSourcesBuildPhase;
			buildActionMask = 2147483647;
			files = (
			);
			runOnlyForDeploymentPostprocessing = 0;
		};
/* End PBXSourcesBuildPhase section */

/* Begin PBXTargetDependency section */
		6E3C69E8304D6198002F659D /* PBXTargetDependency */ = {
			isa = PBXTargetDependency;
			target = 6E3C69D5304D6196002F659D /* Histodex */;
			targetProxy = 6E3C69E7304D6198002F659D /* PBXContainerItemProxy */;
		};
		6E3C69F2304D6198002F659D /* PBXTargetDependency */ = {
			isa = PBXTargetDependency;
			target = 6E3C69D5304D6196002F659D /* Histodex */;
			targetProxy = 6E3C69F1304D6198002F659D /* PBXContainerItemProxy */;
		};
/* End PBXTargetDependency section */

/* Begin XCBuildConfiguration section */
		6E3C69F8304D6198002F659D /* Debug */ = {
			isa = XCBuildConfiguration;
			buildSettings = {
				ALWAYS_SEARCH_USER_PATHS = NO;
				ASSETCATALOG_COMPILER_GENERATE_SWIFT_ASSET_SYMBOL_EXTENSIONS = YES;
				CLANG_ANALYZER_NONNULL = YES;
				CLANG_ANALYZER_NUMBER_OBJECT_CONVERSION = YES_AGGRESSIVE;
				CLANG_CXX_LANGUAGE_STANDARD = "gnu++20";
				CLANG_ENABLE_MODULES = YES;
				CLANG_ENABLE_OBJC_ARC = YES;
				CLANG_ENABLE_OBJC_WEAK = YES;
				CLANG_WARN_BLOCK_CAPTURE_AUTORELEASING = YES;
				CLANG_WARN_BOOL_CONVERSION = YES;
				CLANG_WARN_COMMA = YES;
				CLANG_WARN_CONSTANT_CONVERSION = YES;
				CLANG_WARN_DEPRECATED_OBJC_IMPLEMENTATIONS = YES;
				CLANG_WARN_DIRECT_OBJC_ISA_USAGE = YES_ERROR;
				CLANG_WARN_DOCUMENTATION_COMMENTS = YES;
				CLANG_WARN_EMPTY_BODY = YES;
				CLANG_WARN_ENUM_CONVERSION = YES;
				CLANG_WARN_INFINITE_RECURSION = YES;
				CLANG_WARN_INT_CONVERSION = YES;
				CLANG_WARN_NON_LITERAL_NULL_CONVERSION = YES;
				CLANG_WARN_OBJC_IMPLICIT_RETAIN_SELF = YES;
				CLANG_WARN_OBJC_LITERAL_CONVERSION = YES;
				CLANG_WARN_OBJC_ROOT_CLASS = YES_ERROR;
				CLANG_WARN_QUOTED_INCLUDE_IN_FRAMEWORK_HEADER = YES;
				CLANG_WARN_RANGE_LOOP_ANALYSIS = YES;
				CLANG_WARN_STRICT_PROTOTYPES = YES;
				CLANG_WARN_SUSPICIOUS_MOVE = YES;
				CLANG_WARN_UNGUARDED_AVAILABILITY = YES_AGGRESSIVE;
				CLANG_WARN_UNREACHABLE_CODE = YES;
				CLANG_WARN__DUPLICATE_METHOD_MATCH = YES;
				COPY_PHASE_STRIP = NO;
				DEBUG_INFORMATION_FORMAT = dwarf;
				DEVELOPMENT_TEAM = YM5G2M8PV9;
				ENABLE_STRICT_OBJC_MSGSEND = YES;
				ENABLE_TESTABILITY = YES;
				ENABLE_USER_SCRIPT_SANDBOXING = YES;
				GCC_C_LANGUAGE_STANDARD = gnu17;
				GCC_DYNAMIC_NO_PIC = NO;
				GCC_NO_COMMON_BLOCKS = YES;
				GCC_OPTIMIZATION_LEVEL = 0;
				GCC_PREPROCESSOR_DEFINITIONS = (
					"DEBUG=1",
					"$(inherited)",
				);
				GCC_WARN_64_TO_32_BIT_CONVERSION = YES;
				GCC_WARN_ABOUT_RETURN_TYPE = YES_ERROR;
				GCC_WARN_UNDECLARED_SELECTOR = YES;
				GCC_WARN_UNINITIALIZED_AUTOS = YES_AGGRESSIVE;
				GCC_WARN_UNUSED_FUNCTION = YES;
				GCC_WARN_UNUSED_VARIABLE = YES;
				LOCALIZATION_PREFERS_STRING_CATALOGS = YES;
				MACOSX_DEPLOYMENT_TARGET = 14.0;
				MTL_ENABLE_DEBUG_INFO = INCLUDE_SOURCE;
				MTL_FAST_MATH = YES;
				ONLY_ACTIVE_ARCH = YES;
				SDKROOT = macosx;
				SWIFT_ACTIVE_COMPILATION_CONDITIONS = "DEBUG $(inherited)";
				SWIFT_OPTIMIZATION_LEVEL = "-Onone";
			};
			name = Debug;
		};
		6E3C69F9304D6198002F659D /* Release */ = {
			isa = XCBuildConfiguration;
			buildSettings = {
				ALWAYS_SEARCH_USER_PATHS = NO;
				ASSETCATALOG_COMPILER_GENERATE_SWIFT_ASSET_SYMBOL_EXTENSIONS = YES;
				CLANG_ANALYZER_NONNULL = YES;
				CLANG_ANALYZER_NUMBER_OBJECT_CONVERSION = YES_AGGRESSIVE;
				CLANG_CXX_LANGUAGE_STANDARD = "gnu++20";
				CLANG_ENABLE_MODULES = YES;
				CLANG_ENABLE_OBJC_ARC = YES;
				CLANG_ENABLE_OBJC_WEAK = YES;
				CLANG_WARN_BLOCK_CAPTURE_AUTORELEASING = YES;
				CLANG_WARN_BOOL_CONVERSION = YES;
				CLANG_WARN_COMMA = YES;
				CLANG_WARN_CONSTANT_CONVERSION = YES;
				CLANG_WARN_DEPRECATED_OBJC_IMPLEMENTATIONS = YES;
				CLANG_WARN_DIRECT_OBJC_ISA_USAGE = YES_ERROR;
				CLANG_WARN_DOCUMENTATION_COMMENTS = YES;
				CLANG_WARN_EMPTY_BODY = YES;
				CLANG_WARN_ENUM_CONVERSION = YES;
				CLANG_WARN_INFINITE_RECURSION = YES;
				CLANG_WARN_INT_CONVERSION = YES;
				CLANG_WARN_NON_LITERAL_NULL_CONVERSION = YES;
				CLANG_WARN_OBJC_IMPLICIT_RETAIN_SELF = YES;
				CLANG_WARN_OBJC_LITERAL_CONVERSION = YES;
				CLANG_WARN_OBJC_ROOT_CLASS = YES_ERROR;
				CLANG_WARN_QUOTED_INCLUDE_IN_FRAMEWORK_HEADER = YES;
				CLANG_WARN_RANGE_LOOP_ANALYSIS = YES;
				CLANG_WARN_STRICT_PROTOTYPES = YES;
				CLANG_WARN_SUSPICIOUS_MOVE = YES;
				CLANG_WARN_UNGUARDED_AVAILABILITY = YES_AGGRESSIVE;
				CLANG_WARN_UNREACHABLE_CODE = YES;
				CLANG_WARN__DUPLICATE_METHOD_MATCH = YES;
				COPY_PHASE_STRIP = NO;
				DEBUG_INFORMATION_FORMAT = "dwarf-with-dsym";
				DEVELOPMENT_TEAM = YM5G2M8PV9;
				ENABLE_NS_ASSERTIONS = NO;
				ENABLE_STRICT_OBJC_MSGSEND = YES;
				ENABLE_USER_SCRIPT_SANDBOXING = YES;
				GCC_C_LANGUAGE_STANDARD = gnu17;
				GCC_NO_COMMON_BLOCKS = YES;
				GCC_WARN_64_TO_32_BIT_CONVERSION = YES;
				GCC_WARN_ABOUT_RETURN_TYPE = YES_ERROR;
				GCC_WARN_UNDECLARED_SELECTOR = YES;
				GCC_WARN_UNINITIALIZED_AUTOS = YES_AGGRESSIVE;
				GCC_WARN_UNUSED_FUNCTION = YES;
				GCC_WARN_UNUSED_VARIABLE = YES;
				LOCALIZATION_PREFERS_STRING_CATALOGS = YES;
				MACOSX_DEPLOYMENT_TARGET = 14.0;
				MTL_ENABLE_DEBUG_INFO = NO;
				MTL_FAST_MATH = YES;
				SDKROOT = macosx;
				SWIFT_COMPILATION_MODE = wholemodule;
			};
			name = Release;
		};
		6E3C69FB304D6198002F659D /* Debug */ = {
			isa = XCBuildConfiguration;
			buildSettings = {
				ASSETCATALOG_COMPILER_APPICON_NAME = AppIcon;
				ASSETCATALOG_COMPILER_GLOBAL_ACCENT_COLOR_NAME = AccentColor;
				CODE_SIGN_ENTITLEMENTS = Histodex/Histodex.entitlements;
				CODE_SIGN_STYLE = Automatic;
				COMBINE_HIDPI_IMAGES = YES;
				CURRENT_PROJECT_VERSION = 1;
				DEVELOPMENT_TEAM = YM5G2M8PV9;
				ENABLE_APP_SANDBOX = YES;
				ENABLE_HARDENED_RUNTIME = YES;
				ENABLE_USER_SELECTED_FILES = readonly;
				GENERATE_INFOPLIST_FILE = YES;
				INFOPLIST_KEY_NSHumanReadableCopyright = "";
				INFOPLIST_KEY_NSPrincipalClass = NSApplication;
				LD_RUNPATH_SEARCH_PATHS = (
					"$(inherited)",
					"@executable_path/../Frameworks",
				);
				MARKETING_VERSION = 1.0;
				PRODUCT_BUNDLE_IDENTIFIER = com.lloydME.Histodex;
				PRODUCT_NAME = "$(TARGET_NAME)";
				REGISTER_APP_GROUPS = YES;
				STRING_CATALOG_GENERATE_SYMBOLS = YES;
				SWIFT_APPROACHABLE_CONCURRENCY = YES;
				SWIFT_DEFAULT_ACTOR_ISOLATION = MainActor;
				SWIFT_EMIT_LOC_STRINGS = YES;
				SWIFT_UPCOMING_FEATURE_MEMBER_IMPORT_VISIBILITY = YES;
				SWIFT_VERSION = 5.0;
			};
			name = Debug;
		};
		6E3C69FC304D6198002F659D /* Release */ = {
			isa = XCBuildConfiguration;
			buildSettings = {
				ASSETCATALOG_COMPILER_APPICON_NAME = AppIcon;
				ASSETCATALOG_COMPILER_GLOBAL_ACCENT_COLOR_NAME = AccentColor;
				CODE_SIGN_ENTITLEMENTS = Histodex/Histodex.entitlements;
				CODE_SIGN_STYLE = Automatic;
				COMBINE_HIDPI_IMAGES = YES;
				CURRENT_PROJECT_VERSION = 1;
				DEVELOPMENT_TEAM = YM5G2M8PV9;
				ENABLE_APP_SANDBOX = YES;
				ENABLE_HARDENED_RUNTIME = YES;
				ENABLE_USER_SELECTED_FILES = readonly;
				GENERATE_INFOPLIST_FILE = YES;
				INFOPLIST_KEY_NSHumanReadableCopyright = "";
				INFOPLIST_KEY_NSPrincipalClass = NSApplication;
				LD_RUNPATH_SEARCH_PATHS = (
					"$(inherited)",
					"@executable_path/../Frameworks",
				);
				MARKETING_VERSION = 1.0;
				PRODUCT_BUNDLE_IDENTIFIER = com.lloydME.Histodex;
				PRODUCT_NAME = "$(TARGET_NAME)";
				REGISTER_APP_GROUPS = YES;
				STRING_CATALOG_GENERATE_SYMBOLS = YES;
				SWIFT_APPROACHABLE_CONCURRENCY = YES;
				SWIFT_DEFAULT_ACTOR_ISOLATION = MainActor;
				SWIFT_EMIT_LOC_STRINGS = YES;
				SWIFT_UPCOMING_FEATURE_MEMBER_IMPORT_VISIBILITY = YES;
				SWIFT_VERSION = 5.0;
			};
			name = Release;
		};
		6E3C69FE304D6198002F659D /* Debug */ = {
			isa = XCBuildConfiguration;
			buildSettings = {
				BUNDLE_LOADER = "$(TEST_HOST)";
				CODE_SIGN_STYLE = Automatic;
				CURRENT_PROJECT_VERSION = 1;
				DEVELOPMENT_TEAM = YM5G2M8PV9;
				GENERATE_INFOPLIST_FILE = YES;
				MACOSX_DEPLOYMENT_TARGET = 14.0;
				MARKETING_VERSION = 1.0;
				PRODUCT_BUNDLE_IDENTIFIER = com.lloydME.HistodexTests;
				PRODUCT_NAME = "$(TARGET_NAME)";
				STRING_CATALOG_GENERATE_SYMBOLS = NO;
				SWIFT_APPROACHABLE_CONCURRENCY = YES;
				SWIFT_EMIT_LOC_STRINGS = NO;
				SWIFT_UPCOMING_FEATURE_MEMBER_IMPORT_VISIBILITY = YES;
				SWIFT_VERSION = 5.0;
				TEST_HOST = "$(BUILT_PRODUCTS_DIR)/Histodex.app/$(BUNDLE_EXECUTABLE_FOLDER_PATH)/Histodex";
			};
			name = Debug;
		};
		6E3C69FF304D6198002F659D /* Release */ = {
			isa = XCBuildConfiguration;
			buildSettings = {
				BUNDLE_LOADER = "$(TEST_HOST)";
				CODE_SIGN_STYLE = Automatic;
				CURRENT_PROJECT_VERSION = 1;
				DEVELOPMENT_TEAM = YM5G2M8PV9;
				GENERATE_INFOPLIST_FILE = YES;
				MACOSX_DEPLOYMENT_TARGET = 14.0;
				MARKETING_VERSION = 1.0;
				PRODUCT_BUNDLE_IDENTIFIER = com.lloydME.HistodexTests;
				PRODUCT_NAME = "$(TARGET_NAME)";
				STRING_CATALOG_GENERATE_SYMBOLS = NO;
				SWIFT_APPROACHABLE_CONCURRENCY = YES;
				SWIFT_EMIT_LOC_STRINGS = NO;
				SWIFT_UPCOMING_FEATURE_MEMBER_IMPORT_VISIBILITY = YES;
				SWIFT_VERSION = 5.0;
				TEST_HOST = "$(BUILT_PRODUCTS_DIR)/Histodex.app/$(BUNDLE_EXECUTABLE_FOLDER_PATH)/Histodex";
			};
			name = Release;
		};
		6E3C6A01304D6198002F659D /* Debug */ = {
			isa = XCBuildConfiguration;
			buildSettings = {
				CODE_SIGN_STYLE = Automatic;
				CURRENT_PROJECT_VERSION = 1;
				DEVELOPMENT_TEAM = YM5G2M8PV9;
				GENERATE_INFOPLIST_FILE = YES;
				MARKETING_VERSION = 1.0;
				PRODUCT_BUNDLE_IDENTIFIER = com.lloydME.HistodexUITests;
				PRODUCT_NAME = "$(TARGET_NAME)";
				STRING_CATALOG_GENERATE_SYMBOLS = NO;
				SWIFT_APPROACHABLE_CONCURRENCY = YES;
				SWIFT_EMIT_LOC_STRINGS = NO;
				SWIFT_UPCOMING_FEATURE_MEMBER_IMPORT_VISIBILITY = YES;
				SWIFT_VERSION = 5.0;
				TEST_TARGET_NAME = Histodex;
			};
			name = Debug;
		};
		6E3C6A02304D6198002F659D /* Release */ = {
			isa = XCBuildConfiguration;
			buildSettings = {
				CODE_SIGN_STYLE = Automatic;
				CURRENT_PROJECT_VERSION = 1;
				DEVELOPMENT_TEAM = YM5G2M8PV9;
				GENERATE_INFOPLIST_FILE = YES;
				MARKETING_VERSION = 1.0;
				PRODUCT_BUNDLE_IDENTIFIER = com.lloydME.HistodexUITests;
				PRODUCT_NAME = "$(TARGET_NAME)";
				STRING_CATALOG_GENERATE_SYMBOLS = NO;
				SWIFT_APPROACHABLE_CONCURRENCY = YES;
				SWIFT_EMIT_LOC_STRINGS = NO;
				SWIFT_UPCOMING_FEATURE_MEMBER_IMPORT_VISIBILITY = YES;
				SWIFT_VERSION = 5.0;
				TEST_TARGET_NAME = Histodex;
			};
			name = Release;
		};
/* End XCBuildConfiguration section */

/* Begin XCConfigurationList section */
		6E3C69D1304D6196002F659D /* Build configuration list for PBXProject "Histodex" */ = {
			isa = XCConfigurationList;
			buildConfigurations = (
				6E3C69F8304D6198002F659D /* Debug */,
				6E3C69F9304D6198002F659D /* Release */,
			);
			defaultConfigurationIsVisible = 0;
			defaultConfigurationName = Release;
		};
		6E3C69FA304D6198002F659D /* Build configuration list for PBXNativeTarget "Histodex" */ = {
			isa = XCConfigurationList;
			buildConfigurations = (
				6E3C69FB304D6198002F659D /* Debug */,
				6E3C69FC304D6198002F659D /* Release */,
			);
			defaultConfigurationIsVisible = 0;
			defaultConfigurationName = Release;
		};
		6E3C69FD304D6198002F659D /* Build configuration list for PBXNativeTarget "HistodexTests" */ = {
			isa = XCConfigurationList;
			buildConfigurations = (
				6E3C69FE304D6198002F659D /* Debug */,
				6E3C69FF304D6198002F659D /* Release */,
			);
			defaultConfigurationIsVisible = 0;
			defaultConfigurationName = Release;
		};
		6E3C6A00304D6198002F659D /* Build configuration list for PBXNativeTarget "HistodexUITests" */ = {
			isa = XCConfigurationList;
			buildConfigurations = (
				6E3C6A01304D6198002F659D /* Debug */,
				6E3C6A02304D6198002F659D /* Release */,
			);
			defaultConfigurationIsVisible = 0;
			defaultConfigurationName = Release;
		};
/* End XCConfigurationList section */

/* Begin XCLocalSwiftPackageReference section */
		ABCD00000000000000000003 /* XCLocalSwiftPackageReference "Packages/HistodexCore" */ = {
			isa = XCLocalSwiftPackageReference;
			relativePath = Packages/HistodexCore;
		};
/* End XCLocalSwiftPackageReference section */

/* Begin XCSwiftPackageProductDependency section */
		ABCD00000000000000000002 /* HistodexCore */ = {
			isa = XCSwiftPackageProductDependency;
			productName = HistodexCore;
		};
/* End XCSwiftPackageProductDependency section */
	};
	rootObject = 6E3C69CE304D6196002F659D /* Project object */;
}
